
Microsoft Visual Studio Solution File, Format Version 12.00
# Visual Studio Version 17
VisualStudioVersion = 17.10.35027.167
MinimumVisualStudioVersion = 10.0.40219.1
Project("{9A19103F-16F7-4668-BE54-9A1E7A4F7556}") = "SuperShop", "SuperShop\SuperShop.csproj", "{339BD24D-682F-4AA6-B6B2-40F806E2265D}"
EndProject
Project("{FAE04EC0-301F-11D3-BF4B-00C04F79EFBC}") = "SuperShop.Prism", "SuperShop.Prism\SuperShop.Prism\SuperShop.Prism.csproj", "{F2F8AA71-44BD-4619-9429-25CCDFDD4C8A}"
EndProject
Project("{FAE04EC0-301F-11D3-BF4B-00C04F79EFBC}") = "SuperShop.Prism.Android", "SuperShop.Prism\SuperShop.Prism.Android\SuperShop.Prism.Android.csproj", "{21CFA280-3D0A-4C87-8405-50F84963BFAE}"
EndProject
Project("{FAE04EC0-301F-11D3-BF4B-00C04F79EFBC}") = "SuperShop.Prism.iOS", "SuperShop.Prism\SuperShop.Prism.iOS\SuperShop.Prism.iOS.csproj", "{91A401E1-6429-4C75-97A9-2502A9533409}"
EndProject
Global
	GlobalSection(SolutionConfigurationPlatforms) = preSolution
		Ad-Hoc|Any CPU = Ad-Hoc|Any CPU
		Ad-Hoc|iPhone = Ad-Hoc|iPhone
		Ad-Hoc|iPhoneSimulator = Ad-Hoc|iPhoneSimulator
		AppStore|Any CPU = AppStore|Any CPU
		AppStore|iPhone = AppStore|iPhone
		AppStore|iPhoneSimulator = AppStore|iPhoneSimulator
		Debug|Any CPU = Debug|Any CPU
		Debug|iPhone = Debug|iPhone
		Debug|iPhoneSimulator = Debug|iPhoneSimulator
		Release|Any CPU = Release|Any CPU
		Release|iPhone = Release|iPhone
		Release|iPhoneSimulator = Release|iPhoneSimulator
	EndGlobalSection
	GlobalSection(ProjectConfigurationPlatforms) = postSolution
		{339BD24D-682F-4AA6-B6B2-40F806E2265D}.Ad-Hoc|Any CPU.ActiveCfg = Release|Any CPU
		{339BD24D-682F-4AA6-B6B2-40F806E2265D}.Ad-Hoc|Any CPU.Build.0 = Release|Any CPU
		{339BD24D-682F-4AA6-B6B2-40F806E2265D}.Ad-Hoc|iPhone.ActiveCfg = Release|Any CPU
		{339BD24D-682F-4AA6-B6B2-40F806E2265D}.Ad-Hoc|iPhone.Build.0 = Release|Any CPU
		{339BD24D-682F-4AA6-B6B2-40F806E2265D}.Ad-Hoc|iPhoneSimulator.ActiveCfg = Release|Any CPU
		{339BD24D-682F-4AA6-B6B2-40F806E2265D}.Ad-Hoc|iPhoneSimulator.Build.0 = Release|Any CPU
		{339BD24D-682F-4AA6-B6B2-40F806E2265D}.AppStore|Any CPU.ActiveCfg = Release|Any CPU
		{339BD24D-682F-4AA6-B6B2-40F806E2265D}.AppStore|Any CPU.Build.0 = Release|Any CPU
		{339BD24D-682F-4AA6-B6B2-40F806E2265D}.AppStore|iPhone.ActiveCfg = Release|Any CPU
		{339BD24D-682F-4AA6-B6B2-40F806E2265D}.AppStore|iPhone.Build.0 = Release|Any CPU
		{339BD24D-682F-4AA6-B6B2-40F806E2265D}.AppStore|iPhoneSimulator.ActiveCfg = Release|Any CPU
		{339BD24D-682F-4AA6-B6B2-40F806E2265D}.AppStore|iPhoneSimulator.Build.0 = Release|Any CPU
		{339BD24D-682F-4AA6-B6B2-40F806E2265D}.Debug|Any CPU.ActiveCfg = Debug|Any CPU
		{339BD24D-682F-4AA6-B6B2-40F806E2265D}.Debug|Any CPU.Build.0 = Debug|Any CPU
		{339BD24D-682F-4AA6-B6B2-40F806E2265D}.Debug|iPhone.ActiveCfg = Debug|Any CPU
		{339BD24D-682F-4AA6-B6B2-40F806E2265D}.Debug|iPhone.Build.0 = Debug|Any CPU
		{339BD24D-682F-4AA6-B6B2-40F806E2265D}.Debug|iPhoneSimulator.ActiveCfg = Debug|Any CPU
		{339BD24D-682F-4AA6-B6B2-40F806E2265D}.Debug|iPhoneSimulator.Build.0 = Debug|Any CPU
		{339BD24D-682F-4AA6-B6B2-40F806E2265D}.Release|Any CPU.ActiveCfg = Release|Any CPU
		{339BD24D-682F-4AA6-B6B2-40F806E2265D}.Release|Any CPU.Build.0 = Release|Any CPU
		{339BD24D-682F-4AA6-B6B2-40F806E2265D}.Release|iPhone.ActiveCfg = Release|Any CPU
		{339BD24D-682F-4AA6-B6B2-40F806E2265D}.Release|iPhone.Build.0 = Release|Any CPU
		{339BD24D-682F-4AA6-B6B2-40F806E2265D}.Release|iPhoneSimulator.ActiveCfg = Release|Any CPU
		{339BD24D-682F-4AA6-B6B2-40F806E2265D}.Release|iPhoneSimulator.Build.0 = Release|Any CPU
		{F2F8AA71-44BD-4619-9429-25CCDFDD4C8A}.Ad-Hoc|Any CPU.ActiveCfg = Debug|Any CPU
		{F2F8AA71-44BD-4619-9429-25CCDFDD4C8A}.Ad-Hoc|Any CPU.Build.0 = Debug|Any CPU
		{F2F8AA71-44BD-4619-9429-25CCDFDD4C8A}.Ad-Hoc|iPhone.ActiveCfg = Debug|Any CPU
		{F2F8AA71-44BD-4619-9429-25CCDFDD4C8A}.Ad-Hoc|iPhone.Build.0 = Debug|Any CPU
		{F2F8AA71-44BD-4619-9429-25CCDFDD4C8A}.Ad-Hoc|iPhoneSimulator.ActiveCfg = Debug|Any CPU
		{F2F8AA71-44BD-4619-9429-25CCDFDD4C8A}.Ad-Hoc|iPhoneSimulator.Build.0 = Debug|Any CPU
		{F2F8AA71-44BD-4619-9429-25CCDFDD4C8A}.AppStore|Any CPU.ActiveCfg = Debug|Any CPU
		{F2F8AA71-44BD-4619-9429-25CCDFDD4C8A}.AppStore|Any CPU.Build.0 = Debug|Any CPU
		{F2F8AA71-44BD-4619-9429-25CCDFDD4C8A}.AppStore|iPhone.ActiveCfg = Debug|Any CPU
		{F2F8AA71-44BD-4619-9429-25CCDFDD4C8A}.AppStore|iPhone.Build.0 = Debug|Any CPU
		{F2F8AA71-44BD-4619-9429-25CCDFDD4C8A}.AppStore|iPhoneSimulator.ActiveCfg = Debug|Any CPU
		{F2F8AA71-44BD-4619-9429-25CCDFDD4C8A}.AppStore|iPhoneSimulator.Build.0 = Debug|Any CPU
		{F2F8AA71-44BD-4619-9429-25CCDFDD4C8A}.Debug|Any CPU.ActiveCfg = Debug|Any CPU
		{F2F8AA71-44BD-4619-9429-25CCDFDD4C8A}.Debug|Any CPU.Build.0 = Debug|Any CPU
		{F2F8AA71-44BD-4619-9429-25CCDFDD4C8A}.Debug|iPhone.ActiveCfg = Debug|Any CPU
		{F2F8AA71-44BD-4619-9429-25CCDFDD4C8A}.Debug|iPhone.Build.0 = Debug|Any CPU
		{F2F8AA71-44BD-4619-9429-25CCDFDD4C8A}.Debug|iPhoneSimulator.ActiveCfg = Debug|Any CPU
		{F2F8AA71-44BD-4619-9429-25CCDFDD4C8A}.Debug|iPhoneSimulator.Build.0 = Debug|Any CPU
		{F2F8AA71-44BD-4619-9429-25CCDFDD4C8A}.Release|Any CPU.ActiveCfg = Release|Any CPU
		{F2F8AA71-44BD-4619-9429-25CCDFDD4C8A}.Release|Any CPU.Build.0 = Release|Any CPU
		{F2F8AA71-44BD-4619-9429-25CCDFDD4C8A}.Release|iPhone.ActiveCfg = Release|Any CPU
		{F2F8AA71-44BD-4619-9429-25CCDFDD4C8A}.Release|iPhone.Build.0 = Release|Any CPU
		{F2F8AA71-44BD-4619-9429-25CCDFDD4C8A}.Release|iPhoneSimulator.ActiveCfg = Release|Any CPU
		{F2F8AA71-44BD-4619-9429-25CCDFDD4C8A}.Release|iPhoneSimulator.Build.0 = Release|Any CPU
		{21CFA280-3D0A-4C87-8405-50F84963BFAE}.Ad-Hoc|Any CPU.ActiveCfg = Debug|Any CPU
		{21CFA280-3D0A-4C87-8405-50F84963BFAE}.Ad-Hoc|Any CPU.Build.0 = Debug|Any CPU
		{21CFA280-3D0A-4C87-8405-50F84963BFAE}.Ad-Hoc|Any CPU.Deploy.0 = Debug|Any CPU
		{21CFA280-3D0A-4C87-8405-50F84963BFAE}.Ad-Hoc|iPhone.ActiveCfg = Debug|Any CPU
		{21CFA280-3D0A-4C87-8405-50F84963BFAE}.Ad-Hoc|iPhone.Build.0 = Debug|Any CPU
		{21CFA280-3D0A-4C87-8405-50F84963BFAE}.Ad-Hoc|iPhone.Deploy.0 = Debug|Any CPU
		{21CFA280-3D0A-4C87-8405-50F84963BFAE}.Ad-Hoc|iPhoneSimulator.ActiveCfg = Debug|Any CPU
		{21CFA280-3D0A-4C87-8405-50F84963BFAE}.Ad-Hoc|iPhoneSimulator.Build.0 = Debug|Any CPU
		{21CFA280-3D0A-4C87-8405-50F84963BFAE}.Ad-Hoc|iPhoneSimulator.Deploy.0 = Debug|Any CPU
		{21CFA280-3D0A-4C87-8405-50F84963BFAE}.AppStore|Any CPU.ActiveCfg = Debug|Any CPU
		{21CFA280-3D0A-4C87-8405-50F84963BFAE}.AppStore|Any CPU.Build.0 = Debug|Any CPU
		{21CFA280-3D0A-4C87-8405-50F84963BFAE}.AppStore|Any CPU.Deploy.0 = Debug|Any CPU
		{21CFA280-3D0A-4C87-8405-50F84963BFAE}.AppStore|iPhone.ActiveCfg = Debug|Any CPU
		{21CFA280-3D0A-4C87-8405-50F84963BFAE}.AppStore|iPhone.Build.0 = Debug|Any CPU
		{21CFA280-3D0A-4C87-8405-50F84963BFAE}.AppStore|iPhone.Deploy.0 = Debug|Any CPU
		{21CFA280-3D0A-4C87-8405-50F84963BFAE}.AppStore|iPhoneSimulator.ActiveCfg = Debug|Any CPU
		{21CFA280-3D0A-4C87-8405-50F84963BFAE}.AppStore|iPhoneSimulator.Build.0 = Debug|Any CPU
		{21CFA280-3D0A-4C87-8405-50F84963BFAE}.AppStore|iPhoneSimulator.Deploy.0 = Debug|Any CPU
		{21CFA280-3D0A-4C87-8405-50F84963BFAE}.Debug|Any CPU.ActiveCfg = Debug|Any CPU
		{21CFA280-3D0A-4C87-8405-50F84963BFAE}.Debug|Any CPU.Build.0 = Debug|Any CPU
		{21CFA280-3D0A-4C87-8405-50F84963BFAE}.Debug|Any CPU.Deploy.0 = Debug|Any CPU
		{21CFA280-3D0A-4C87-8405-50F84963BFAE}.Debug|iPhone.ActiveCfg = Debug|Any CPU
		{21CFA280-3D0A-4C87-8405-50F84963BFAE}.Debug|iPhone.Build.0 = Debug|Any CPU
		{21CFA280-3D0A-4C87-8405-50F84963BFAE}.Debug|iPhone.Deploy.0 = Debug|Any CPU
		{21CFA280-3D0A-4C87-8405-50F84963BFAE}.Debug|iPhoneSimulator.ActiveCfg = Debug|Any CPU
		{21CFA280-3D0A-4C87-8405-50F84963BFAE}.Debug|iPhoneSimulator.Build.0 = Debug|Any CPU
		{21CFA280-3D0A-4C87-8405-50F84963BFAE}.Debug|iPhoneSimulator.Deploy.0 = Debug|Any CPU
		{21CFA280-3D0A-4C87-8405-50F84963BFAE}.Release|Any CPU.ActiveCfg = Release|Any CPU
		{21CFA280-3D0A-4C87-8405-50F84963BFAE}.Release|Any CPU.Build.0 = Release|Any CPU
		{21CFA280-3D0A-4C87-8405-50F84963BFAE}.Release|Any CPU.Deploy.0 = Release|Any CPU
		{21CFA280-3D0A-4C87-8405-50F84963BFAE}.Release|iPhone.ActiveCfg = Release|Any CPU
		{21CFA280-3D0A-4C87-8405-50F84963BFAE}.Release|iPhone.Build.0 = Release|Any CPU
		{21CFA280-3D0A-4C87-8405-50F84963BFAE}.Release|iPhone.Deploy.0 = Release|Any CPU
		{21CFA280-3D0A-4C87-8405-50F84963BFAE}.Release|iPhoneSimulator.ActiveCfg = Release|Any CPU
		{21CFA280-3D0A-4C87-8405-50F84963BFAE}.Release|iPhoneSimulator.Build.0 = Release|Any CPU
		{21CFA280-3D0A-4C87-8405-50F84963BFAE}.Release|iPhoneSimulator.Deploy.0 = Release|Any CPU
		{91A401E1-6429-4C75-97A9-2502A9533409}.Ad-Hoc|Any CPU.ActiveCfg = Ad-Hoc|iPhoneSimulator
		{91A401E1-6429-4C75-97A9-2502A9533409}.Ad-Hoc|Any CPU.Build.0 = Ad-Hoc|iPhoneSimulator
		{91A401E1-6429-4C75-97A9-2502A9533409}.Ad-Hoc|iPhone.ActiveCfg = Ad-Hoc|iPhone
		{91A401E1-6429-4C75-97A9-2502A9533409}.Ad-Hoc|iPhone.Build.0 = Ad-Hoc|iPhone
		{91A401E1-6429-4C75-97A9-2502A9533409}.Ad-Hoc|iPhoneSimulator.ActiveCfg = Ad-Hoc|iPhoneSimulator
		{91A401E1-6429-4C75-97A9-2502A9533409}.Ad-Hoc|iPhoneSimulator.Build.0 = Ad-Hoc|iPhoneSimulator
		{91A401E1-6429-4C75-97A9-2502A9533409}.AppStore|Any CPU.ActiveCfg = AppStore|iPhoneSimulator
		{91A401E1-6429-4C75-97A9-2502A9533409}.AppStore|Any CPU.Build.0 = AppStore|iPhoneSimulator
		{91A401E1-6429-4C75-97A9-2502A9533409}.AppStore|iPhone.ActiveCfg = AppStore|iPhone
		{91A401E1-6429-4C75-97A9-2502A9533409}.AppStore|iPhone.Build.0 = AppStore|iPhone
		{91A401E1-6429-4C75-97A9-2502A9533409}.AppStore|iPhoneSimulator.ActiveCfg = AppStore|iPhoneSimulator
		{91A401E1-6429-4C75-97A9-2502A9533409}.AppStore|iPhoneSimulator.Build.0 = AppStore|iPhoneSimulator
		{91A401E1-6429-4C75-97A9-2502A9533409}.Debug|Any CPU.ActiveCfg = Debug|iPhoneSimulator
		{91A401E1-6429-4C75-97A9-2502A9533409}.Debug|Any CPU.Build.0 = Debug|iPhoneSimulator
		{91A401E1-6429-4C75-97A9-2502A9533409}.Debug|iPhone.ActiveCfg = Debug|iPhone
		{91A401E1-6429-4C75-97A9-2502A9533409}.Debug|iPhone.Build.0 = Debug|iPhone
		{91A401E1-6429-4C75-97A9-2502A9533409}.Debug|iPhoneSimulator.ActiveCfg = Debug|iPhoneSimulator
		{91A401E1-6429-4C75-97A9-2502A9533409}.Debug|iPhoneSimulator.Build.0 = Debug|iPhoneSimulator
		{91A401E1-6429-4C75-97A9-2502A9533409}.Release|Any CPU.ActiveCfg = Release|iPhoneSimulator
		{91A401E1-6429-4C75-97A9-2502A9533409}.Release|Any CPU.Build.0 = Release|iPhoneSimulator
		{91A401E1-6429-4C75-97A9-2502A9533409}.Release|iPhone.ActiveCfg = Release|iPhone
		{91A401E1-6429-4C75-97A9-2502A9533409}.Release|iPhone.Build.0 = Release|iPhone
		{91A401E1-6429-4C75-97A9-2502A9533409}.Release|iPhoneSimulator.ActiveCfg = Release|iPhoneSimulator
		{91A401E1-6429-4C75-97A9-2502A9533409}.Release|iPhoneSimulator.Build.0 = Release|iPhoneSimulator
	EndGlobalSection
	GlobalSection(SolutionProperties) = preSolution
		HideSolutionNode = FALSE
	EndGlobalSection
	GlobalSection(ExtensibilityGlobals) = postSolution
		SolutionGuid = {455FBC9D-2463-4826-AA60-80FA885BF66F}
	EndGlobalSection
EndGlobal
